
Microsoft Visual Studio Solution File, Format Version 12.00
# Visual Studio Version 16
VisualStudioVersion = 16.0.31624.102
MinimumVisualStudioVersion = 10.0.40219.1
Project("{2150E333-8FDC-42A3-9474-1A3956D46DE8}") = "Presentation", "Presentation", "{AF3ADA33-55AF-4ABF-A3A8-57D4D676EB99}"
EndProject
Project("{FAE04EC0-301F-11D3-BF4B-00C04F79EFBC}") = "Presentation.WebApplication", "Presentation.WebApplication\Presentation.WebApplication.csproj", "{2C4D1F54-70B1-4198-A97E-F60C88708AEF}"
EndProject
Global
	GlobalSection(SolutionConfigurationPlatforms) = preSolution
		Debug|Any CPU = Debug|Any CPU
		Release|Any CPU = Release|Any CPU
	EndGlobalSection
	GlobalSection(ProjectConfigurationPlatforms) = postSolution
		{2C4D1F54-70B1-4198-A97E-F60C88708AEF}.Debug|Any CPU.ActiveCfg = Debug|Any CPU
		{2C4D1F54-70B1-4198-A97E-F60C88708AEF}.Debug|Any CPU.Build.0 = Debug|Any CPU
		{2C4D1F54-70B1-4198-A97E-F60C88708AEF}.Release|Any CPU.ActiveCfg = Release|Any CPU
		{2C4D1F54-70B1-4198-A97E-F60C88708AEF}.Release|Any CPU.Build.0 = Release|Any CPU
	EndGlobalSection
	GlobalSection(SolutionProperties) = preSolution
		HideSolutionNode = FALSE
	EndGlobalSection
	GlobalSection(NestedProjects) = preSolution
		{2C4D1F54-70B1-4198-A97E-F60C88708AEF} = {AF3ADA33-55AF-4ABF-A3A8-57D4D676EB99}
	EndGlobalSection
	GlobalSection(ExtensibilityGlobals) = postSolution
		SolutionGuid = {3D03E52B-254E-4704-9924-2B6F36218F18}
	EndGlobalSection
EndGlobal
